
Microsoft Visual Studio Solution File, Format Version 12.00
# Visual Studio 15
VisualStudioVersion = 15.0.28307.779
MinimumVisualStudioVersion = 10.0.40219.1
Project("{FAE04EC0-301F-11D3-BF4B-00C04F79EFBC}") = "StackOverFlow", "StackOverFlow\StackOverFlow.csproj", "{966CD875-A7BA-4F56-80A8-EE2EA5DF7ABD}"
EndProject
Project("{FAE04EC0-301F-11D3-BF4B-00C04F79EFBC}") = "StackOverFlowProject.DomainModels", "StackOverFlowProject.DomainModels\StackOverFlowProject.DomainModels.csproj", "{99D5CC48-4587-4604-A6D3-93B00BB7F16B}"
EndProject
Project("{FAE04EC0-301F-11D3-BF4B-00C04F79EFBC}") = "StackOverFlowProject.ViewModels", "StackOverFlowProject.ViewModels\StackOverFlowProject.ViewModels.csproj", "{DB6CF599-E4CA-4251-9596-11BD25118994}"
EndProject
Project("{FAE04EC0-301F-11D3-BF4B-00C04F79EFBC}") = "StackOverFlowProject.ServiceLayer", "StackOverFlowProject.ServiceLayer\StackOverFlowProject.ServiceLayer.csproj", "{4E02AC98-7F3A-48A3-8AA5-B9387BC719EB}"
EndProject
Project("{FAE04EC0-301F-11D3-BF4B-00C04F79EFBC}") = "StackOverFlowProject.Repositories", "StackOverFlowProject.Repositories\StackOverFlowProject.Repositories.csproj", "{902E9BD5-6891-4502-8CB6-52CF04DFE093}"
EndProject
Global
	GlobalSection(SolutionConfigurationPlatforms) = preSolution
		Debug|Any CPU = Debug|Any CPU
		Release|Any CPU = Release|Any CPU
	EndGlobalSection
	GlobalSection(ProjectConfigurationPlatforms) = postSolution
		{966CD875-A7BA-4F56-80A8-EE2EA5DF7ABD}.Debug|Any CPU.ActiveCfg = Debug|Any CPU
		{966CD875-A7BA-4F56-80A8-EE2EA5DF7ABD}.Debug|Any CPU.Build.0 = Debug|Any CPU
		{966CD875-A7BA-4F56-80A8-EE2EA5DF7ABD}.Release|Any CPU.ActiveCfg = Release|Any CPU
		{966CD875-A7BA-4F56-80A8-EE2EA5DF7ABD}.Release|Any CPU.Build.0 = Release|Any CPU
		{99D5CC48-4587-4604-A6D3-93B00BB7F16B}.Debug|Any CPU.ActiveCfg = Debug|Any CPU
		{99D5CC48-4587-4604-A6D3-93B00BB7F16B}.Debug|Any CPU.Build.0 = Debug|Any CPU
		{99D5CC48-4587-4604-A6D3-93B00BB7F16B}.Release|Any CPU.ActiveCfg = Release|Any CPU
		{99D5CC48-4587-4604-A6D3-93B00BB7F16B}.Release|Any CPU.Build.0 = Release|Any CPU
		{DB6CF599-E4CA-4251-9596-11BD25118994}.Debug|Any CPU.ActiveCfg = Debug|Any CPU
		{DB6CF599-E4CA-4251-9596-11BD25118994}.Debug|Any CPU.Build.0 = Debug|Any CPU
		{DB6CF599-E4CA-4251-9596-11BD25118994}.Release|Any CPU.ActiveCfg = Release|Any CPU
		{DB6CF599-E4CA-4251-9596-11BD25118994}.Release|Any CPU.Build.0 = Release|Any CPU
		{4E02AC98-7F3A-48A3-8AA5-B9387BC719EB}.Debug|Any CPU.ActiveCfg = Debug|Any CPU
		{4E02AC98-7F3A-48A3-8AA5-B9387BC719EB}.Debug|Any CPU.Build.0 = Debug|Any CPU
		{4E02AC98-7F3A-48A3-8AA5-B9387BC719EB}.Release|Any CPU.ActiveCfg = Release|Any CPU
		{4E02AC98-7F3A-48A3-8AA5-B9387BC719EB}.Release|Any CPU.Build.0 = Release|Any CPU
		{902E9BD5-6891-4502-8CB6-52CF04DFE093}.Debug|Any CPU.ActiveCfg = Debug|Any CPU
		{902E9BD5-6891-4502-8CB6-52CF04DFE093}.Debug|Any CPU.Build.0 = Debug|Any CPU
		{902E9BD5-6891-4502-8CB6-52CF04DFE093}.Release|Any CPU.ActiveCfg = Release|Any CPU
		{902E9BD5-6891-4502-8CB6-52CF04DFE093}.Release|Any CPU.Build.0 = Release|Any CPU
	EndGlobalSection
	GlobalSection(SolutionProperties) = preSolution
		HideSolutionNode = FALSE
	EndGlobalSection
	GlobalSection(ExtensibilityGlobals) = postSolution
		SolutionGuid = {227F00AC-BD22-4282-A810-9E66F366548A}
	EndGlobalSection
EndGlobal
